
Microsoft Visual Studio Solution File, Format Version 12.00
# Visual Studio 2012
Project("{FAE04EC0-301F-11D3-BF4B-00C04F79EFBC}") = "MvcHandleExceptionApplication", "MvcHandleExceptionApplication\MvcHandleExceptionApplication.csproj", "{B0150740-CA0A-40F5-8F7B-485DB2486020}"
EndProject
Global
	GlobalSection(SolutionConfigurationPlatforms) = preSolution
		Debug|Any CPU = Debug|Any CPU
		Release|Any CPU = Release|Any CPU
	EndGlobalSection
	GlobalSection(ProjectConfigurationPlatforms) = postSolution
		{B0150740-CA0A-40F5-8F7B-485DB2486020}.Debug|Any CPU.ActiveCfg = Debug|Any CPU
		{B0150740-CA0A-40F5-8F7B-485DB2486020}.Debug|Any CPU.Build.0 = Debug|Any CPU
		{B0150740-CA0A-40F5-8F7B-485DB2486020}.Release|Any CPU.ActiveCfg = Release|Any CPU
		{B0150740-CA0A-40F5-8F7B-485DB2486020}.Release|Any CPU.Build.0 = Release|Any CPU
	EndGlobalSection
	GlobalSection(SolutionProperties) = preSolution
		HideSolutionNode = FALSE
	EndGlobalSection
EndGlobal
